# THIS IS AN AUTOGENERATED FILE. DO NOT EDIT THIS FILE DIRECTLY.
# yarn lockfile v1


"@rails/actioncable@^7.0.6":
  version "7.0.6"
  resolved "https://registry.yarnpkg.com/@rails/actioncable/-/actioncable-7.0.6.tgz#60765c8e9c357a0ba0840fb1e409caedc233ea0d"
  integrity sha512-ybBsUrIsu5geM8BtqnpM7ZA9D8uzSz+e1B4JR57NaCmasHKWap6AX5DT7NHIbp21opVet1qqoVSdsoLDqXeB2A==
